
Microsoft Visual Studio Solution File, Format Version 12.00
# Visual Studio Version 17
VisualStudioVersion = 17.0.32126.317
MinimumVisualStudioVersion = 10.0.40219.1
Project("{FAE04EC0-301F-11D3-BF4B-00C04F79EFBC}") = "GenshinCalc V2", "GenshinCalc V2\GenshinCalc V2.csproj", "{D578C888-EA4C-4924-8131-3A2DAD1D48B1}"
EndProject
Global
	GlobalSection(SolutionConfigurationPlatforms) = preSolution
		Debug|Any CPU = Debug|Any CPU
		Release|Any CPU = Release|Any CPU
	EndGlobalSection
	GlobalSection(ProjectConfigurationPlatforms) = postSolution
		{D578C888-EA4C-4924-8131-3A2DAD1D48B1}.Debug|Any CPU.ActiveCfg = Debug|Any CPU
		{D578C888-EA4C-4924-8131-3A2DAD1D48B1}.Debug|Any CPU.Build.0 = Debug|Any CPU
		{D578C888-EA4C-4924-8131-3A2DAD1D48B1}.Release|Any CPU.ActiveCfg = Release|Any CPU
		{D578C888-EA4C-4924-8131-3A2DAD1D48B1}.Release|Any CPU.Build.0 = Release|Any CPU
	EndGlobalSection
	GlobalSection(SolutionProperties) = preSolution
		HideSolutionNode = FALSE
	EndGlobalSection
	GlobalSection(ExtensibilityGlobals) = postSolution
		SolutionGuid = {FBBBF1F5-ECA7-459B-B82D-E2A77A85DBCE}
	EndGlobalSection
EndGlobal
